
Microsoft Visual Studio Solution File, Format Version 12.00
# Visual Studio Version 16
VisualStudioVersion = 25.0.1705.5
MinimumVisualStudioVersion = 10.0.40219.1
Project("{FAE04EC0-301F-11D3-BF4B-00C04F79EFBC}") = "ConnectFour", "ConnectFour\ConnectFour.csproj", "{BD099810-8504-4F15-A3BA-C324F1D143B0}"
EndProject
Global
	GlobalSection(SolutionConfigurationPlatforms) = preSolution
		Debug|Any CPU = Debug|Any CPU
		Release|Any CPU = Release|Any CPU
	EndGlobalSection
	GlobalSection(ProjectConfigurationPlatforms) = postSolution
		{BD099810-8504-4F15-A3BA-C324F1D143B0}.Debug|Any CPU.ActiveCfg = Debug|Any CPU
		{BD099810-8504-4F15-A3BA-C324F1D143B0}.Debug|Any CPU.Build.0 = Debug|Any CPU
		{BD099810-8504-4F15-A3BA-C324F1D143B0}.Release|Any CPU.ActiveCfg = Release|Any CPU
		{BD099810-8504-4F15-A3BA-C324F1D143B0}.Release|Any CPU.Build.0 = Release|Any CPU
	EndGlobalSection
	GlobalSection(SolutionProperties) = preSolution
		HideSolutionNode = FALSE
	EndGlobalSection
	GlobalSection(ExtensibilityGlobals) = postSolution
		SolutionGuid = {90D70FDD-5AC4-4BA7-B302-445C322B3622}
	EndGlobalSection
EndGlobal
